
Microsoft Visual Studio Solution File, Format Version 11.00
# Visual C++ Express 2010
Project("{8BC9CEB8-8B4A-11D0-8D11-00A0C91BC942}") = "PDSE03C_21000172", "PDSE03C_21000172\PDSE03C_21000172.vcxproj", "{523B85E4-7AF2-4D96-9949-C4A5D3F3600C}"
EndProject
Global
	GlobalSection(SolutionConfigurationPlatforms) = preSolution
		Debug|Win32 = Debug|Win32
		Release|Win32 = Release|Win32
	EndGlobalSection
	GlobalSection(ProjectConfigurationPlatforms) = postSolution
		{523B85E4-7AF2-4D96-9949-C4A5D3F3600C}.Debug|Win32.ActiveCfg = Debug|Win32
		{523B85E4-7AF2-4D96-9949-C4A5D3F3600C}.Debug|Win32.Build.0 = Debug|Win32
		{523B85E4-7AF2-4D96-9949-C4A5D3F3600C}.Release|Win32.ActiveCfg = Release|Win32
		{523B85E4-7AF2-4D96-9949-C4A5D3F3600C}.Release|Win32.Build.0 = Release|Win32
	EndGlobalSection
	GlobalSection(SolutionProperties) = preSolution
		HideSolutionNode = FALSE
	EndGlobalSection
EndGlobal
